
Microsoft Visual Studio Solution File, Format Version 12.00
# Visual Studio Version 17
VisualStudioVersion = 17.8.34330.188
MinimumVisualStudioVersion = 10.0.40219.1
Project("{9A19103F-16F7-4668-BE54-9A1E7A4F7556}") = "ECI0064", "ECI0064.csproj", "{C02EF024-80E9-469E-AE92-4A8E6E5B6882}"
EndProject
Project("{2150E333-8FDC-42A3-9474-1A3956D46DE8}") = "方案項目", "方案項目", "{7089A686-AF26-4EBF-908A-FC985B958071}"
EndProject
Global
	GlobalSection(SolutionConfigurationPlatforms) = preSolution
		Debug|Any CPU = Debug|Any CPU
		Release|Any CPU = Release|Any CPU
	EndGlobalSection
	GlobalSection(ProjectConfigurationPlatforms) = postSolution
		{C02EF024-80E9-469E-AE92-4A8E6E5B6882}.Debug|Any CPU.ActiveCfg = Debug|Any CPU
		{C02EF024-80E9-469E-AE92-4A8E6E5B6882}.Debug|Any CPU.Build.0 = Debug|Any CPU
		{C02EF024-80E9-469E-AE92-4A8E6E5B6882}.Release|Any CPU.ActiveCfg = Release|Any CPU
		{C02EF024-80E9-469E-AE92-4A8E6E5B6882}.Release|Any CPU.Build.0 = Release|Any CPU
	EndGlobalSection
	GlobalSection(SolutionProperties) = preSolution
		HideSolutionNode = FALSE
	EndGlobalSection
	GlobalSection(ExtensibilityGlobals) = postSolution
		SolutionGuid = {A0504F6D-0B36-4A92-B957-C89D9E7FFC3D}
	EndGlobalSection
EndGlobal
